
Microsoft Visual Studio Solution File, Format Version 12.00
# Visual Studio Version 17
VisualStudioVersion = 17.13.35825.156 d17.13
MinimumVisualStudioVersion = 10.0.40219.1
Project("{FAE04EC0-301F-11D3-BF4B-00C04F79EFBC}") = "bot_retorno", "bot_retorno\bot_retorno.csproj", "{761CB986-65B5-44AF-ACF1-D2963B27238A}"
EndProject
Global
	GlobalSection(SolutionConfigurationPlatforms) = preSolution
		Debug|Any CPU = Debug|Any CPU
		Release|Any CPU = Release|Any CPU
	EndGlobalSection
	GlobalSection(ProjectConfigurationPlatforms) = postSolution
		{761CB986-65B5-44AF-ACF1-D2963B27238A}.Debug|Any CPU.ActiveCfg = Debug|Any CPU
		{761CB986-65B5-44AF-ACF1-D2963B27238A}.Debug|Any CPU.Build.0 = Debug|Any CPU
		{761CB986-65B5-44AF-ACF1-D2963B27238A}.Release|Any CPU.ActiveCfg = Release|Any CPU
		{761CB986-65B5-44AF-ACF1-D2963B27238A}.Release|Any CPU.Build.0 = Release|Any CPU
	EndGlobalSection
	GlobalSection(SolutionProperties) = preSolution
		HideSolutionNode = FALSE
	EndGlobalSection
	GlobalSection(ExtensibilityGlobals) = postSolution
		SolutionGuid = {C6DF50C0-691D-44A5-B31C-320A5F82D5EF}
	EndGlobalSection
EndGlobal
